
Microsoft Visual Studio Solution File, Format Version 12.00
# Visual Studio Version 17
VisualStudioVersion = 17.14.36811.4 d17.14
MinimumVisualStudioVersion = 10.0.40219.1
Project("{FAE04EC0-301F-11D3-BF4B-00C04F79EFBC}") = "Lab2", "Lab2.csproj", "{31820C00-2605-45B9-AF3B-BADD4F8FF9AD}"
EndProject
Global
	GlobalSection(SolutionConfigurationPlatforms) = preSolution
		Debug|Any CPU = Debug|Any CPU
		Release|Any CPU = Release|Any CPU
	EndGlobalSection
	GlobalSection(ProjectConfigurationPlatforms) = postSolution
		{31820C00-2605-45B9-AF3B-BADD4F8FF9AD}.Debug|Any CPU.ActiveCfg = Debug|Any CPU
		{31820C00-2605-45B9-AF3B-BADD4F8FF9AD}.Debug|Any CPU.Build.0 = Debug|Any CPU
		{31820C00-2605-45B9-AF3B-BADD4F8FF9AD}.Release|Any CPU.ActiveCfg = Release|Any CPU
		{31820C00-2605-45B9-AF3B-BADD4F8FF9AD}.Release|Any CPU.Build.0 = Release|Any CPU
	EndGlobalSection
	GlobalSection(SolutionProperties) = preSolution
		HideSolutionNode = FALSE
	EndGlobalSection
	GlobalSection(ExtensibilityGlobals) = postSolution
		SolutionGuid = {A81014BB-0106-4B7C-B387-06AFB1B71559}
	EndGlobalSection
EndGlobal
